{
    "_readme": [
        "This file locks the dependencies of your project to a known state",
        "Read more about it at https://getcomposer.org/doc/01-basic-usage.md#installing-dependencies",
        "This file is @generated automatically"
    ],
    "content-hash": "bc3cf7b4c33fa6562c79981bc6cd6a92",
    "packages": [
        {
            "name": "mpdf/mpdf",
            "version": "v6.0.0",
            "source": {
                "type": "git",
                "url": "https://github.com/mpdf/mpdf.git",
                "reference": "a15743d030ce3b5b7be36c6e83f76589b27c3f2c"
            },
            "dist": {
                "type": "zip",
                "url": "https://api.github.com/repos/mpdf/mpdf/zipball/a15743d030ce3b5b7be36c6e83f76589b27c3f2c",
                "reference": "a15743d030ce3b5b7be36c6e83f76589b27c3f2c",
                "shasum": ""
            },
            "require": {
                "ext-mbstring": "*",
                "php": ">=4.3.10"
            },
            "type": "library",
            "autoload": {
                "classmap": [
                    "mpdf.php",
                    "classes"
                ]
            },
            "notification-url": "https://packagist.org/downloads/",
            "license": [
                "GPL-1.0+"
            ],
            "authors": [
                {
                    "name": "Ian Back"
                }
            ],
            "description": "A PHP class to generate PDF files from HTML with Unicode/UTF-8 and CJK support",
            "homepage": "http://www.mpdf1.com/mpdf/index.php",
            "keywords": [
                "pdf",
                "php",
                "utf-8"
            ],
            "support": {
                "issues": "https://github.com/mpdf/mpdf/issues",
                "source": "https://github.com/mpdf/mpdf/tree/v6.0.0"
            },
            "time": "2015-03-01T10:27:49+00:00"
        }
    ],
    "packages-dev": [
        {
            "name": "mikey179/vfsstream",
            "version": "v1.1.0",
            "source": {
                "type": "git",
                "url": "https://github.com/bovigo/vfsStream.git",
                "reference": "fc0fe8f4d0b527254a2dc45f0c265567c881d07e"
            },
            "dist": {
                "type": "zip",
                "url": "https://api.github.com/repos/bovigo/vfsStream/zipball/fc0fe8f4d0b527254a2dc45f0c265567c881d07e",
                "reference": "fc0fe8f4d0b527254a2dc45f0c265567c881d07e",
                "shasum": ""
            },
            "require": {
                "php": ">=5.3.0"
            },
            "type": "library",
            "autoload": {
                "psr-0": {
                    "org\\bovigo\\vfs": "src/main/php"
                }
            },
            "notification-url": "https://packagist.org/downloads/",
            "license": [
                "BSD"
            ],
            "homepage": "http://vfs.bovigo.org/",
            "support": {
                "issues": "https://github.com/bovigo/vfsStream/issues",
                "source": "https://github.com/bovigo/vfsStream/tree/v1.1.0"
            },
            "time": "2012-08-25T12:49:29+00:00"
        }
    ],
    "aliases": [],
    "minimum-stability": "stable",
    "stability-flags": [],
    "prefer-stable": false,
    "prefer-lowest": false,
    "platform": {
        "php": ">=5.2.4"
    },
    "platform-dev": [],
    "plugin-api-version": "2.6.0"
}
